
Microsoft Visual Studio Solution File, Format Version 12.00
# Visual Studio Version 17
VisualStudioVersion = 17.2.32630.192
MinimumVisualStudioVersion = 10.0.40219.1
Project("{FAE04EC0-301F-11D3-BF4B-00C04F79EFBC}") = "NegativePositive", "NegativePositive\NegativePositive.csproj", "{B2AB4CF5-BABF-441D-B771-2052F8FF2BC8}"
EndProject
Global
	GlobalSection(SolutionConfigurationPlatforms) = preSolution
		Debug|Any CPU = Debug|Any CPU
		Release|Any CPU = Release|Any CPU
	EndGlobalSection
	GlobalSection(ProjectConfigurationPlatforms) = postSolution
		{B2AB4CF5-BABF-441D-B771-2052F8FF2BC8}.Debug|Any CPU.ActiveCfg = Debug|Any CPU
		{B2AB4CF5-BABF-441D-B771-2052F8FF2BC8}.Debug|Any CPU.Build.0 = Debug|Any CPU
		{B2AB4CF5-BABF-441D-B771-2052F8FF2BC8}.Release|Any CPU.ActiveCfg = Release|Any CPU
		{B2AB4CF5-BABF-441D-B771-2052F8FF2BC8}.Release|Any CPU.Build.0 = Release|Any CPU
	EndGlobalSection
	GlobalSection(SolutionProperties) = preSolution
		HideSolutionNode = FALSE
	EndGlobalSection
	GlobalSection(ExtensibilityGlobals) = postSolution
		SolutionGuid = {27106418-368D-48CA-A49B-0E0A883497BC}
	EndGlobalSection
EndGlobal
